
Microsoft Visual Studio Solution File, Format Version 12.00
# Visual Studio Version 17
VisualStudioVersion = 17.4.32916.344
MinimumVisualStudioVersion = 10.0.40219.1
Project("{FAE04EC0-301F-11D3-BF4B-00C04F79EFBC}") = "MailKitExampleV6", "MailKitExampleV6\MailKitExampleV6.csproj", "{706D2C26-ACF5-4CF1-8746-4D773C660DCC}"
EndProject
Global
	GlobalSection(SolutionConfigurationPlatforms) = preSolution
		Debug|Any CPU = Debug|Any CPU
		Release|Any CPU = Release|Any CPU
	EndGlobalSection
	GlobalSection(ProjectConfigurationPlatforms) = postSolution
		{706D2C26-ACF5-4CF1-8746-4D773C660DCC}.Debug|Any CPU.ActiveCfg = Debug|Any CPU
		{706D2C26-ACF5-4CF1-8746-4D773C660DCC}.Debug|Any CPU.Build.0 = Debug|Any CPU
		{706D2C26-ACF5-4CF1-8746-4D773C660DCC}.Release|Any CPU.ActiveCfg = Release|Any CPU
		{706D2C26-ACF5-4CF1-8746-4D773C660DCC}.Release|Any CPU.Build.0 = Release|Any CPU
	EndGlobalSection
	GlobalSection(SolutionProperties) = preSolution
		HideSolutionNode = FALSE
	EndGlobalSection
	GlobalSection(ExtensibilityGlobals) = postSolution
		SolutionGuid = {C651E4A3-A2FB-4DA6-92F4-879495B800CC}
	EndGlobalSection
EndGlobal
